
Microsoft Visual Studio Solution File, Format Version 12.00
# Visual Studio Version 17
VisualStudioVersion = 17.0.32112.339
MinimumVisualStudioVersion = 10.0.40219.1
Project("{9A19103F-16F7-4668-BE54-9A1E7A4F7556}") = "UseOfInterfaces", "UseOfInterfaces\UseOfInterfaces.csproj", "{802090BB-C90E-4773-9457-CAE1C0B4BD06}"
EndProject
Project("{FAE04EC0-301F-11D3-BF4B-00C04F79EFBC}") = "OOP Principles", "OOP Principles\OOP Principles.csproj", "{DD60CCE7-8FAA-49C4-8446-11917F3A42B3}"
EndProject
Project("{FAE04EC0-301F-11D3-BF4B-00C04F79EFBC}") = "Collections", "Collections\Collections.csproj", "{121DD033-1796-45DA-A48B-D4B8C4FF3A28}"
EndProject
Project("{FAE04EC0-301F-11D3-BF4B-00C04F79EFBC}") = "ValueTypeReferenceType", "ValueTypeReferenceType\ValueTypeReferenceType.csproj", "{8E0818DB-E13B-4717-B530-7128DD46B338}"
EndProject
Project("{FAE04EC0-301F-11D3-BF4B-00C04F79EFBC}") = "Async", "Async\Async.csproj", "{95533171-7452-4CBC-8542-40E082734FD2}"
EndProject
Project("{FAE04EC0-301F-11D3-BF4B-00C04F79EFBC}") = "IDisposable", "IDisposable\IDisposable.csproj", "{55D85F07-3C72-4E7E-8462-FDCD43D0A7CD}"
EndProject
Global
	GlobalSection(SolutionConfigurationPlatforms) = preSolution
		Debug|Any CPU = Debug|Any CPU
		Release|Any CPU = Release|Any CPU
	EndGlobalSection
	GlobalSection(ProjectConfigurationPlatforms) = postSolution
		{802090BB-C90E-4773-9457-CAE1C0B4BD06}.Debug|Any CPU.ActiveCfg = Debug|Any CPU
		{802090BB-C90E-4773-9457-CAE1C0B4BD06}.Debug|Any CPU.Build.0 = Debug|Any CPU
		{802090BB-C90E-4773-9457-CAE1C0B4BD06}.Release|Any CPU.ActiveCfg = Release|Any CPU
		{802090BB-C90E-4773-9457-CAE1C0B4BD06}.Release|Any CPU.Build.0 = Release|Any CPU
		{DD60CCE7-8FAA-49C4-8446-11917F3A42B3}.Debug|Any CPU.ActiveCfg = Debug|Any CPU
		{DD60CCE7-8FAA-49C4-8446-11917F3A42B3}.Debug|Any CPU.Build.0 = Debug|Any CPU
		{DD60CCE7-8FAA-49C4-8446-11917F3A42B3}.Release|Any CPU.ActiveCfg = Release|Any CPU
		{DD60CCE7-8FAA-49C4-8446-11917F3A42B3}.Release|Any CPU.Build.0 = Release|Any CPU
		{121DD033-1796-45DA-A48B-D4B8C4FF3A28}.Debug|Any CPU.ActiveCfg = Debug|Any CPU
		{121DD033-1796-45DA-A48B-D4B8C4FF3A28}.Debug|Any CPU.Build.0 = Debug|Any CPU
		{121DD033-1796-45DA-A48B-D4B8C4FF3A28}.Release|Any CPU.ActiveCfg = Release|Any CPU
		{121DD033-1796-45DA-A48B-D4B8C4FF3A28}.Release|Any CPU.Build.0 = Release|Any CPU
		{8E0818DB-E13B-4717-B530-7128DD46B338}.Debug|Any CPU.ActiveCfg = Debug|Any CPU
		{8E0818DB-E13B-4717-B530-7128DD46B338}.Debug|Any CPU.Build.0 = Debug|Any CPU
		{8E0818DB-E13B-4717-B530-7128DD46B338}.Release|Any CPU.ActiveCfg = Release|Any CPU
		{8E0818DB-E13B-4717-B530-7128DD46B338}.Release|Any CPU.Build.0 = Release|Any CPU
		{95533171-7452-4CBC-8542-40E082734FD2}.Debug|Any CPU.ActiveCfg = Debug|Any CPU
		{95533171-7452-4CBC-8542-40E082734FD2}.Debug|Any CPU.Build.0 = Debug|Any CPU
		{95533171-7452-4CBC-8542-40E082734FD2}.Release|Any CPU.ActiveCfg = Release|Any CPU
		{95533171-7452-4CBC-8542-40E082734FD2}.Release|Any CPU.Build.0 = Release|Any CPU
		{55D85F07-3C72-4E7E-8462-FDCD43D0A7CD}.Debug|Any CPU.ActiveCfg = Debug|Any CPU
		{55D85F07-3C72-4E7E-8462-FDCD43D0A7CD}.Debug|Any CPU.Build.0 = Debug|Any CPU
		{55D85F07-3C72-4E7E-8462-FDCD43D0A7CD}.Release|Any CPU.ActiveCfg = Release|Any CPU
		{55D85F07-3C72-4E7E-8462-FDCD43D0A7CD}.Release|Any CPU.Build.0 = Release|Any CPU
	EndGlobalSection
	GlobalSection(SolutionProperties) = preSolution
		HideSolutionNode = FALSE
	EndGlobalSection
	GlobalSection(ExtensibilityGlobals) = postSolution
		SolutionGuid = {697D6911-5209-4736-BF49-B5CF5288ABFE}
	EndGlobalSection
EndGlobal
